// !$*UTF8*$!
{
	archiveVersion = 1;
	classes = {
	};
	objectVersion = 56;
	objects = {

/* Begin PBXBuildFile section */
		D666C5212A979EA500E8C1E6 /* MemberListScreen.swift in Sources */ = {isa = PBXBuildFile; fileRef = D666C5202A979EA500E8C1E6 /* MemberListScreen.swift */; };
		D666C5262A97A27C00E8C1E6 /* Spell.swift in Sources */ = {isa = PBXBuildFile; fileRef = D666C5252A97A27C00E8C1E6 /* Spell.swift */; };
		D666C5282A97D1D900E8C1E6 /* Movie.swift in Sources */ = {isa = PBXBuildFile; fileRef = D666C5272A97D1D900E8C1E6 /* Movie.swift */; };
		D666C52A2A97D6F400E8C1E6 /* MovieInfoScreen.swift in Sources */ = {isa = PBXBuildFile; fileRef = D666C5292A97D6F400E8C1E6 /* MovieInfoScreen.swift */; };
		D666C52E2A97E08000E8C1E6 /* Book.swift in Sources */ = {isa = PBXBuildFile; fileRef = D666C52D2A97E08000E8C1E6 /* Book.swift */; };
		D666C5302A97E54900E8C1E6 /* BookInfoScreen.swift in Sources */ = {isa = PBXBuildFile; fileRef = D666C52F2A97E54900E8C1E6 /* BookInfoScreen.swift */; };
		D69F27062A9699FD00168DF4 /* Character.swift in Sources */ = {isa = PBXBuildFile; fileRef = D69F27052A9699FD00168DF4 /* Character.swift */; };
		D69F270B2A96AC0500168DF4 /* CharacterInfoScreen.swift in Sources */ = {isa = PBXBuildFile; fileRef = D69F270A2A96AC0500168DF4 /* CharacterInfoScreen.swift */; };
		D6FD31752A962CF500CFAA23 /* hogwartsApp.swift in Sources */ = {isa = PBXBuildFile; fileRef = D6FD31742A962CF500CFAA23 /* hogwartsApp.swift */; };
		D6FD31772A962CF500CFAA23 /* ContentView.swift in Sources */ = {isa = PBXBuildFile; fileRef = D6FD31762A962CF500CFAA23 /* ContentView.swift */; };
		D6FD31792A962CF600CFAA23 /* Assets.xcassets in Resources */ = {isa = PBXBuildFile; fileRef = D6FD31782A962CF600CFAA23 /* Assets.xcassets */; };
		D6FD317C2A962CF600CFAA23 /* Preview Assets.xcassets in Resources */ = {isa = PBXBuildFile; fileRef = D6FD317B2A962CF600CFAA23 /* Preview Assets.xcassets */; };
		D6FD31852A9630D400CFAA23 /* WelcomeScreen.swift in Sources */ = {isa = PBXBuildFile; fileRef = D6FD31842A9630D400CFAA23 /* WelcomeScreen.swift */; };
		D6FD31872A96310D00CFAA23 /* MenuScreen.swift in Sources */ = {isa = PBXBuildFile; fileRef = D6FD31862A96310D00CFAA23 /* MenuScreen.swift */; };
		D6FD318B2A964E8000CFAA23 /* CharacterListScreen.swift in Sources */ = {isa = PBXBuildFile; fileRef = D6FD318A2A964E8000CFAA23 /* CharacterListScreen.swift */; };
		D6FD318D2A964E8E00CFAA23 /* BooksListScreen.swift in Sources */ = {isa = PBXBuildFile; fileRef = D6FD318C2A964E8E00CFAA23 /* BooksListScreen.swift */; };
		D6FD318F2A964EB100CFAA23 /* HousesListScreen.swift in Sources */ = {isa = PBXBuildFile; fileRef = D6FD318E2A964EB100CFAA23 /* HousesListScreen.swift */; };
		D6FD31912A964EC400CFAA23 /* SpellsListScreen.swift in Sources */ = {isa = PBXBuildFile; fileRef = D6FD31902A964EC400CFAA23 /* SpellsListScreen.swift */; };
		D6FD31932A964EDD00CFAA23 /* MoviesListScreen.swift in Sources */ = {isa = PBXBuildFile; fileRef = D6FD31922A964EDD00CFAA23 /* MoviesListScreen.swift */; };
		D6FD31952A964EE800CFAA23 /* AboutScreen.swift in Sources */ = {isa = PBXBuildFile; fileRef = D6FD31942A964EE800CFAA23 /* AboutScreen.swift */; };
/* End PBXBuildFile section */

/* Begin PBXFileReference section */
		D666C5202A979EA500E8C1E6 /* MemberListScreen.swift */ = {isa = PBXFileReference; lastKnownFileType = sourcecode.swift; path = MemberListScreen.swift; sourceTree = "<group>"; };
		D666C5252A97A27C00E8C1E6 /* Spell.swift */ = {isa = PBXFileReference; lastKnownFileType = sourcecode.swift; path = Spell.swift; sourceTree = "<group>"; };
		D666C5272A97D1D900E8C1E6 /* Movie.swift */ = {isa = PBXFileReference; lastKnownFileType = sourcecode.swift; path = Movie.swift; sourceTree = "<group>"; };
		D666C5292A97D6F400E8C1E6 /* MovieInfoScreen.swift */ = {isa = PBXFileReference; lastKnownFileType = sourcecode.swift; path = MovieInfoScreen.swift; sourceTree = "<group>"; };
		D666C52D2A97E08000E8C1E6 /* Book.swift */ = {isa = PBXFileReference; lastKnownFileType = sourcecode.swift; path = Book.swift; sourceTree = "<group>"; };
		D666C52F2A97E54900E8C1E6 /* BookInfoScreen.swift */ = {isa = PBXFileReference; lastKnownFileType = sourcecode.swift; path = BookInfoScreen.swift; sourceTree = "<group>"; };
		D69F27052A9699FD00168DF4 /* Character.swift */ = {isa = PBXFileReference; lastKnownFileType = sourcecode.swift; path = Character.swift; sourceTree = "<group>"; };
		D69F270A2A96AC0500168DF4 /* CharacterInfoScreen.swift */ = {isa = PBXFileReference; lastKnownFileType = sourcecode.swift; path = CharacterInfoScreen.swift; sourceTree = "<group>"; };
		D6FD31712A962CF500CFAA23 /* hogwarts.app */ = {isa = PBXFileReference; explicitFileType = wrapper.application; includeInIndex = 0; path = hogwarts.app; sourceTree = BUILT_PRODUCTS_DIR; };
		D6FD31742A962CF500CFAA23 /* hogwartsApp.swift */ = {isa = PBXFileReference; lastKnownFileType = sourcecode.swift; path = hogwartsApp.swift; sourceTree = "<group>"; };
		D6FD31762A962CF500CFAA23 /* ContentView.swift */ = {isa = PBXFileReference; lastKnownFileType = sourcecode.swift; path = ContentView.swift; sourceTree = "<group>"; };
		D6FD31782A962CF600CFAA23 /* Assets.xcassets */ = {isa = PBXFileReference; lastKnownFileType = folder.assetcatalog; path = Assets.xcassets; sourceTree = "<group>"; };
		D6FD317B2A962CF600CFAA23 /* Preview Assets.xcassets */ = {isa = PBXFileReference; lastKnownFileType = folder.assetcatalog; path = "Preview Assets.xcassets"; sourceTree = "<group>"; };
		D6FD31842A9630D400CFAA23 /* WelcomeScreen.swift */ = {isa = PBXFileReference; lastKnownFileType = sourcecode.swift; path = WelcomeScreen.swift; sourceTree = "<group>"; };
		D6FD31862A96310D00CFAA23 /* MenuScreen.swift */ = {isa = PBXFileReference; lastKnownFileType = sourcecode.swift; path = MenuScreen.swift; sourceTree = "<group>"; };
		D6FD318A2A964E8000CFAA23 /* CharacterListScreen.swift */ = {isa = PBXFileReference; lastKnownFileType = sourcecode.swift; path = CharacterListScreen.swift; sourceTree = "<group>"; };
		D6FD318C2A964E8E00CFAA23 /* BooksListScreen.swift */ = {isa = PBXFileReference; lastKnownFileType = sourcecode.swift; path = BooksListScreen.swift; sourceTree = "<group>"; };
		D6FD318E2A964EB100CFAA23 /* HousesListScreen.swift */ = {isa = PBXFileReference; lastKnownFileType = sourcecode.swift; path = HousesListScreen.swift; sourceTree = "<group>"; };
		D6FD31902A964EC400CFAA23 /* SpellsListScreen.swift */ = {isa = PBXFileReference; lastKnownFileType = sourcecode.swift; path = SpellsListScreen.swift; sourceTree = "<group>"; };
		D6FD31922A964EDD00CFAA23 /* MoviesListScreen.swift */ = {isa = PBXFileReference; lastKnownFileType = sourcecode.swift; path = MoviesListScreen.swift; sourceTree = "<group>"; };
		D6FD31942A964EE800CFAA23 /* AboutScreen.swift */ = {isa = PBXFileReference; lastKnownFileType = sourcecode.swift; path = AboutScreen.swift; sourceTree = "<group>"; };
/* End PBXFileReference section */

/* Begin PBXFrameworksBuildPhase section */
		D6FD316E2A962CF500CFAA23 /* Frameworks */ = {
			isa = PBXFrameworksBuildPhase;
			buildActionMask = 2147483647;
			files = (
			);
			runOnlyForDeploymentPostprocessing = 0;
		};
/* End PBXFrameworksBuildPhase section */

/* Begin PBXGroup section */
		D69F27022A9698B200168DF4 /* screens */ = {
			isa = PBXGroup;
			children = (
				D6FD31842A9630D400CFAA23 /* WelcomeScreen.swift */,
				D6FD31862A96310D00CFAA23 /* MenuScreen.swift */,
				D6FD318A2A964E8000CFAA23 /* CharacterListScreen.swift */,
				D6FD318C2A964E8E00CFAA23 /* BooksListScreen.swift */,
				D6FD318E2A964EB100CFAA23 /* HousesListScreen.swift */,
				D6FD31902A964EC400CFAA23 /* SpellsListScreen.swift */,
				D6FD31922A964EDD00CFAA23 /* MoviesListScreen.swift */,
				D6FD31942A964EE800CFAA23 /* AboutScreen.swift */,
				D69F270A2A96AC0500168DF4 /* CharacterInfoScreen.swift */,
				D666C5202A979EA500E8C1E6 /* MemberListScreen.swift */,
				D666C5292A97D6F400E8C1E6 /* MovieInfoScreen.swift */,
				D666C52F2A97E54900E8C1E6 /* BookInfoScreen.swift */,
			);
			path = screens;
			sourceTree = "<group>";
		};
		D69F27032A9698DF00168DF4 /* models */ = {
			isa = PBXGroup;
			children = (
				D69F27052A9699FD00168DF4 /* Character.swift */,
				D666C5252A97A27C00E8C1E6 /* Spell.swift */,
				D666C5272A97D1D900E8C1E6 /* Movie.swift */,
				D666C52D2A97E08000E8C1E6 /* Book.swift */,
			);
			path = models;
			sourceTree = "<group>";
		};
		D6FD31682A962CF500CFAA23 = {
			isa = PBXGroup;
			children = (
				D6FD31732A962CF500CFAA23 /* hogwarts */,
				D6FD31722A962CF500CFAA23 /* Products */,
			);
			sourceTree = "<group>";
		};
		D6FD31722A962CF500CFAA23 /* Products */ = {
			isa = PBXGroup;
			children = (
				D6FD31712A962CF500CFAA23 /* hogwarts.app */,
			);
			name = Products;
			sourceTree = "<group>";
		};
		D6FD31732A962CF500CFAA23 /* hogwarts */ = {
			isa = PBXGroup;
			children = (
				D69F27032A9698DF00168DF4 /* models */,
				D69F27022A9698B200168DF4 /* screens */,
				D6FD31742A962CF500CFAA23 /* hogwartsApp.swift */,
				D6FD31762A962CF500CFAA23 /* ContentView.swift */,
				D6FD31782A962CF600CFAA23 /* Assets.xcassets */,
				D6FD317A2A962CF600CFAA23 /* Preview Content */,
			);
			path = hogwarts;
			sourceTree = "<group>";
		};
		D6FD317A2A962CF600CFAA23 /* Preview Content */ = {
			isa = PBXGroup;
			children = (
				D6FD317B2A962CF600CFAA23 /* Preview Assets.xcassets */,
			);
			path = "Preview Content";
			sourceTree = "<group>";
		};
/* End PBXGroup section */

/* Begin PBXNativeTarget section */
		D6FD31702A962CF500CFAA23 /* hogwarts */ = {
			isa = PBXNativeTarget;
			buildConfigurationList = D6FD317F2A962CF600CFAA23 /* Build configuration list for PBXNativeTarget "hogwarts" */;
			buildPhases = (
				D6FD316D2A962CF500CFAA23 /* Sources */,
				D6FD316E2A962CF500CFAA23 /* Frameworks */,
				D6FD316F2A962CF500CFAA23 /* Resources */,
			);
			buildRules = (
			);
			dependencies = (
			);
			name = hogwarts;
			productName = hogwarts;
			productReference = D6FD31712A962CF500CFAA23 /* hogwarts.app */;
			productType = "com.apple.product-type.application";
		};
/* End PBXNativeTarget section */

/* Begin PBXProject section */
		D6FD31692A962CF500CFAA23 /* Project object */ = {
			isa = PBXProject;
			attributes = {
				BuildIndependentTargetsInParallel = 1;
				LastSwiftUpdateCheck = 1420;
				LastUpgradeCheck = 1420;
				TargetAttributes = {
					D6FD31702A962CF500CFAA23 = {
						CreatedOnToolsVersion = 14.2;
					};
				};
			};
			buildConfigurationList = D6FD316C2A962CF500CFAA23 /* Build configuration list for PBXProject "hogwarts" */;
			compatibilityVersion = "Xcode 14.0";
			developmentRegion = en;
			hasScannedForEncodings = 0;
			knownRegions = (
				en,
				Base,
			);
			mainGroup = D6FD31682A962CF500CFAA23;
			productRefGroup = D6FD31722A962CF500CFAA23 /* Products */;
			projectDirPath = "";
			projectRoot = "";
			targets = (
				D6FD31702A962CF500CFAA23 /* hogwarts */,
			);
		};
/* End PBXProject section */

/* Begin PBXResourcesBuildPhase section */
		D6FD316F2A962CF500CFAA23 /* Resources */ = {
			isa = PBXResourcesBuildPhase;
			buildActionMask = 2147483647;
			files = (
				D6FD317C2A962CF600CFAA23 /* Preview Assets.xcassets in Resources */,
				D6FD31792A962CF600CFAA23 /* Assets.xcassets in Resources */,
			);
			runOnlyForDeploymentPostprocessing = 0;
		};
/* End PBXResourcesBuildPhase section */

/* Begin PBXSourcesBuildPhase section */
		D6FD316D2A962CF500CFAA23 /* Sources */ = {
			isa = PBXSourcesBuildPhase;
			buildActionMask = 2147483647;
			files = (
				D666C5262A97A27C00E8C1E6 /* Spell.swift in Sources */,
				D6FD31912A964EC400CFAA23 /* SpellsListScreen.swift in Sources */,
				D69F270B2A96AC0500168DF4 /* CharacterInfoScreen.swift in Sources */,
				D6FD31872A96310D00CFAA23 /* MenuScreen.swift in Sources */,
				D6FD318F2A964EB100CFAA23 /* HousesListScreen.swift in Sources */,
				D69F27062A9699FD00168DF4 /* Character.swift in Sources */,
				D6FD31952A964EE800CFAA23 /* AboutScreen.swift in Sources */,
				D6FD31852A9630D400CFAA23 /* WelcomeScreen.swift in Sources */,
				D6FD31932A964EDD00CFAA23 /* MoviesListScreen.swift in Sources */,
				D6FD318D2A964E8E00CFAA23 /* BooksListScreen.swift in Sources */,
				D666C5212A979EA500E8C1E6 /* MemberListScreen.swift in Sources */,
				D6FD31772A962CF500CFAA23 /* ContentView.swift in Sources */,
				D666C5302A97E54900E8C1E6 /* BookInfoScreen.swift in Sources */,
				D666C52A2A97D6F400E8C1E6 /* MovieInfoScreen.swift in Sources */,
				D6FD318B2A964E8000CFAA23 /* CharacterListScreen.swift in Sources */,
				D666C52E2A97E08000E8C1E6 /* Book.swift in Sources */,
				D6FD31752A962CF500CFAA23 /* hogwartsApp.swift in Sources */,
				D666C5282A97D1D900E8C1E6 /* Movie.swift in Sources */,
			);
			runOnlyForDeploymentPostprocessing = 0;
		};
/* End PBXSourcesBuildPhase section */

/* Begin XCBuildConfiguration section */
		D6FD317D2A962CF600CFAA23 /* Debug */ = {
			isa = XCBuildConfiguration;
			buildSettings = {
				ALWAYS_SEARCH_USER_PATHS = NO;
				CLANG_ANALYZER_NONNULL = YES;
				CLANG_ANALYZER_NUMBER_OBJECT_CONVERSION = YES_AGGRESSIVE;
				CLANG_CXX_LANGUAGE_STANDARD = "gnu++20";
				CLANG_ENABLE_MODULES = YES;
				CLANG_ENABLE_OBJC_ARC = YES;
				CLANG_ENABLE_OBJC_WEAK = YES;
				CLANG_WARN_BLOCK_CAPTURE_AUTORELEASING = YES;
				CLANG_WARN_BOOL_CONVERSION = YES;
				CLANG_WARN_COMMA = YES;
				CLANG_WARN_CONSTANT_CONVERSION = YES;
				CLANG_WARN_DEPRECATED_OBJC_IMPLEMENTATIONS = YES;
				CLANG_WARN_DIRECT_OBJC_ISA_USAGE = YES_ERROR;
				CLANG_WARN_DOCUMENTATION_COMMENTS = YES;
				CLANG_WARN_EMPTY_BODY = YES;
				CLANG_WARN_ENUM_CONVERSION = YES;
				CLANG_WARN_INFINITE_RECURSION = YES;
				CLANG_WARN_INT_CONVERSION = YES;
				CLANG_WARN_NON_LITERAL_NULL_CONVERSION = YES;
				CLANG_WARN_OBJC_IMPLICIT_RETAIN_SELF = YES;
				CLANG_WARN_OBJC_LITERAL_CONVERSION = YES;
				CLANG_WARN_OBJC_ROOT_CLASS = YES_ERROR;
				CLANG_WARN_QUOTED_INCLUDE_IN_FRAMEWORK_HEADER = YES;
				CLANG_WARN_RANGE_LOOP_ANALYSIS = YES;
				CLANG_WARN_STRICT_PROTOTYPES = YES;
				CLANG_WARN_SUSPICIOUS_MOVE = YES;
				CLANG_WARN_UNGUARDED_AVAILABILITY = YES_AGGRESSIVE;
				CLANG_WARN_UNREACHABLE_CODE = YES;
				CLANG_WARN__DUPLICATE_METHOD_MATCH = YES;
				COPY_PHASE_STRIP = NO;
				DEBUG_INFORMATION_FORMAT = dwarf;
				ENABLE_STRICT_OBJC_MSGSEND = YES;
				ENABLE_TESTABILITY = YES;
				GCC_C_LANGUAGE_STANDARD = gnu11;
				GCC_DYNAMIC_NO_PIC = NO;
				GCC_NO_COMMON_BLOCKS = YES;
				GCC_OPTIMIZATION_LEVEL = 0;
				GCC_PREPROCESSOR_DEFINITIONS = (
					"DEBUG=1",
					"$(inherited)",
				);
				GCC_WARN_64_TO_32_BIT_CONVERSION = YES;
				GCC_WARN_ABOUT_RETURN_TYPE = YES_ERROR;
				GCC_WARN_UNDECLARED_SELECTOR = YES;
				GCC_WARN_UNINITIALIZED_AUTOS = YES_AGGRESSIVE;
				GCC_WARN_UNUSED_FUNCTION = YES;
				GCC_WARN_UNUSED_VARIABLE = YES;
				IPHONEOS_DEPLOYMENT_TARGET = 16.2;
				MTL_ENABLE_DEBUG_INFO = INCLUDE_SOURCE;
				MTL_FAST_MATH = YES;
				ONLY_ACTIVE_ARCH = YES;
				SDKROOT = iphoneos;
				SWIFT_ACTIVE_COMPILATION_CONDITIONS = DEBUG;
				SWIFT_OPTIMIZATION_LEVEL = "-Onone";
			};
			name = Debug;
		};
		D6FD317E2A962CF600CFAA23 /* Release */ = {
			isa = XCBuildConfiguration;
			buildSettings = {
				ALWAYS_SEARCH_USER_PATHS = NO;
				CLANG_ANALYZER_NONNULL = YES;
				CLANG_ANALYZER_NUMBER_OBJECT_CONVERSION = YES_AGGRESSIVE;
				CLANG_CXX_LANGUAGE_STANDARD = "gnu++20";
				CLANG_ENABLE_MODULES = YES;
				CLANG_ENABLE_OBJC_ARC = YES;
				CLANG_ENABLE_OBJC_WEAK = YES;
				CLANG_WARN_BLOCK_CAPTURE_AUTORELEASING = YES;
				CLANG_WARN_BOOL_CONVERSION = YES;
				CLANG_WARN_COMMA = YES;
				CLANG_WARN_CONSTANT_CONVERSION = YES;
				CLANG_WARN_DEPRECATED_OBJC_IMPLEMENTATIONS = YES;
				CLANG_WARN_DIRECT_OBJC_ISA_USAGE = YES_ERROR;
				CLANG_WARN_DOCUMENTATION_COMMENTS = YES;
				CLANG_WARN_EMPTY_BODY = YES;
				CLANG_WARN_ENUM_CONVERSION = YES;
				CLANG_WARN_INFINITE_RECURSION = YES;
				CLANG_WARN_INT_CONVERSION = YES;
				CLANG_WARN_NON_LITERAL_NULL_CONVERSION = YES;
				CLANG_WARN_OBJC_IMPLICIT_RETAIN_SELF = YES;
				CLANG_WARN_OBJC_LITERAL_CONVERSION = YES;
				CLANG_WARN_OBJC_ROOT_CLASS = YES_ERROR;
				CLANG_WARN_QUOTED_INCLUDE_IN_FRAMEWORK_HEADER = YES;
				CLANG_WARN_RANGE_LOOP_ANALYSIS = YES;
				CLANG_WARN_STRICT_PROTOTYPES = YES;
				CLANG_WARN_SUSPICIOUS_MOVE = YES;
				CLANG_WARN_UNGUARDED_AVAILABILITY = YES_AGGRESSIVE;
				CLANG_WARN_UNREACHABLE_CODE = YES;
				CLANG_WARN__DUPLICATE_METHOD_MATCH = YES;
				COPY_PHASE_STRIP = NO;
				DEBUG_INFORMATION_FORMAT = "dwarf-with-dsym";
				ENABLE_NS_ASSERTIONS = NO;
				ENABLE_STRICT_OBJC_MSGSEND = YES;
				GCC_C_LANGUAGE_STANDARD = gnu11;
				GCC_NO_COMMON_BLOCKS = YES;
				GCC_WARN_64_TO_32_BIT_CONVERSION = YES;
				GCC_WARN_ABOUT_RETURN_TYPE = YES_ERROR;
				GCC_WARN_UNDECLARED_SELECTOR = YES;
				GCC_WARN_UNINITIALIZED_AUTOS = YES_AGGRESSIVE;
				GCC_WARN_UNUSED_FUNCTION = YES;
				GCC_WARN_UNUSED_VARIABLE = YES;
				IPHONEOS_DEPLOYMENT_TARGET = 16.2;
				MTL_ENABLE_DEBUG_INFO = NO;
				MTL_FAST_MATH = YES;
				SDKROOT = iphoneos;
				SWIFT_COMPILATION_MODE = wholemodule;
				SWIFT_OPTIMIZATION_LEVEL = "-O";
				VALIDATE_PRODUCT = YES;
			};
			name = Release;
		};
		D6FD31802A962CF600CFAA23 /* Debug */ = {
			isa = XCBuildConfiguration;
			buildSettings = {
				ASSETCATALOG_COMPILER_APPICON_NAME = AppIcon;
				ASSETCATALOG_COMPILER_GLOBAL_ACCENT_COLOR_NAME = AccentColor;
				CODE_SIGN_IDENTITY = "Apple Development";
				CODE_SIGN_STYLE = Automatic;
				CURRENT_PROJECT_VERSION = 1;
				DEVELOPMENT_ASSET_PATHS = "\"hogwarts/Preview Content\"";
				DEVELOPMENT_TEAM = H6C7G2H9Z2;
				ENABLE_PREVIEWS = YES;
				GENERATE_INFOPLIST_FILE = YES;
				INFOPLIST_KEY_UIApplicationSceneManifest_Generation = YES;
				INFOPLIST_KEY_UIApplicationSupportsIndirectInputEvents = YES;
				INFOPLIST_KEY_UILaunchScreen_Generation = YES;
				INFOPLIST_KEY_UISupportedInterfaceOrientations_iPad = "UIInterfaceOrientationPortrait UIInterfaceOrientationPortraitUpsideDown UIInterfaceOrientationLandscapeLeft UIInterfaceOrientationLandscapeRight";
				INFOPLIST_KEY_UISupportedInterfaceOrientations_iPhone = "UIInterfaceOrientationPortrait UIInterfaceOrientationLandscapeLeft UIInterfaceOrientationLandscapeRight";
				LD_RUNPATH_SEARCH_PATHS = (
					"$(inherited)",
					"@executable_path/Frameworks",
				);
				MARKETING_VERSION = 1.0;
				PRODUCT_BUNDLE_IDENTIFIER = com.suyash.hogwarts;
				PRODUCT_NAME = "$(TARGET_NAME)";
				PROVISIONING_PROFILE_SPECIFIER = "";
				SWIFT_EMIT_LOC_STRINGS = YES;
				SWIFT_VERSION = 5.0;
				TARGETED_DEVICE_FAMILY = "1,2";
			};
			name = Debug;
		};
		D6FD31812A962CF600CFAA23 /* Release */ = {
			isa = XCBuildConfiguration;
			buildSettings = {
				ASSETCATALOG_COMPILER_APPICON_NAME = AppIcon;
				ASSETCATALOG_COMPILER_GLOBAL_ACCENT_COLOR_NAME = AccentColor;
				CODE_SIGN_IDENTITY = "Apple Development";
				CODE_SIGN_STYLE = Automatic;
				CURRENT_PROJECT_VERSION = 1;
				DEVELOPMENT_ASSET_PATHS = "\"hogwarts/Preview Content\"";
				DEVELOPMENT_TEAM = H6C7G2H9Z2;
				ENABLE_PREVIEWS = YES;
				GENERATE_INFOPLIST_FILE = YES;
				INFOPLIST_KEY_UIApplicationSceneManifest_Generation = YES;
				INFOPLIST_KEY_UIApplicationSupportsIndirectInputEvents = YES;
				INFOPLIST_KEY_UILaunchScreen_Generation = YES;
				INFOPLIST_KEY_UISupportedInterfaceOrientations_iPad = "UIInterfaceOrientationPortrait UIInterfaceOrientationPortraitUpsideDown UIInterfaceOrientationLandscapeLeft UIInterfaceOrientationLandscapeRight";
				INFOPLIST_KEY_UISupportedInterfaceOrientations_iPhone = "UIInterfaceOrientationPortrait UIInterfaceOrientationLandscapeLeft UIInterfaceOrientationLandscapeRight";
				LD_RUNPATH_SEARCH_PATHS = (
					"$(inherited)",
					"@executable_path/Frameworks",
				);
				MARKETING_VERSION = 1.0;
				PRODUCT_BUNDLE_IDENTIFIER = com.suyash.hogwarts;
				PRODUCT_NAME = "$(TARGET_NAME)";
				PROVISIONING_PROFILE_SPECIFIER = "";
				SWIFT_EMIT_LOC_STRINGS = YES;
				SWIFT_VERSION = 5.0;
				TARGETED_DEVICE_FAMILY = "1,2";
			};
			name = Release;
		};
/* End XCBuildConfiguration section */

/* Begin XCConfigurationList section */
		D6FD316C2A962CF500CFAA23 /* Build configuration list for PBXProject "hogwarts" */ = {
			isa = XCConfigurationList;
			buildConfigurations = (
				D6FD317D2A962CF600CFAA23 /* Debug */,
				D6FD317E2A962CF600CFAA23 /* Release */,
			);
			defaultConfigurationIsVisible = 0;
			defaultConfigurationName = Release;
		};
		D6FD317F2A962CF600CFAA23 /* Build configuration list for PBXNativeTarget "hogwarts" */ = {
			isa = XCConfigurationList;
			buildConfigurations = (
				D6FD31802A962CF600CFAA23 /* Debug */,
				D6FD31812A962CF600CFAA23 /* Release */,
			);
			defaultConfigurationIsVisible = 0;
			defaultConfigurationName = Release;
		};
/* End XCConfigurationList section */
	};
	rootObject = D6FD31692A962CF500CFAA23 /* Project object */;
}
